// !$*UTF8*$!
{
	archiveVersion = 1;
	classes = {
	};
	objectVersion = 46;
	objects = {

/* Begin PBXBuildFile section */
		CBBC58D91F780D3A00EE0AE8 /* AppDelegate.swift in Sources */ = {isa = PBXBuildFile; fileRef = CBBC58D81F780D3A00EE0AE8 /* AppDelegate.swift */; };
		CBBC58DB1F780D3A00EE0AE8 /* ViewController.swift in Sources */ = {isa = PBXBuildFile; fileRef = CBBC58DA1F780D3A00EE0AE8 /* ViewController.swift */; };
		CBBC58DE1F780D3A00EE0AE8 /* Main.storyboard in Resources */ = {isa = PBXBuildFile; fileRef = CBBC58DC1F780D3A00EE0AE8 /* Main.storyboard */; };
		CBBC58E01F780D3A00EE0AE8 /* Assets.xcassets in Resources */ = {isa = PBXBuildFile; fileRef = CBBC58DF1F780D3A00EE0AE8 /* Assets.xcassets */; };
		CBBC58E31F780D3A00EE0AE8 /* LaunchScreen.storyboard in Resources */ = {isa = PBXBuildFile; fileRef = CBBC58E11F780D3A00EE0AE8 /* LaunchScreen.storyboard */; };
/* End PBXBuildFile section */

/* Begin PBXFileReference section */
		CBBC58D51F780D3A00EE0AE8 /* gitTemp.app */ = {isa = PBXFileReference; explicitFileType = wrapper.application; includeInIndex = 0; path = gitTemp.app; sourceTree = BUILT_PRODUCTS_DIR; };
		CBBC58D81F780D3A00EE0AE8 /* AppDelegate.swift */ = {isa = PBXFileReference; lastKnownFileType = sourcecode.swift; path = AppDelegate.swift; sourceTree = "<group>"; };
		CBBC58DA1F780D3A00EE0AE8 /* ViewController.swift */ = {isa = PBXFileReference; lastKnownFileType = sourcecode.swift; path = ViewController.swift; sourceTree = "<group>"; };
		CBBC58DD1F780D3A00EE0AE8 /* Base */ = {isa = PBXFileReference; lastKnownFileType = file.storyboard; name = Base; path = Base.lproj/Main.storyboard; sourceTree = "<group>"; };
		CBBC58DF1F780D3A00EE0AE8 /* Assets.xcassets */ = {isa = PBXFileReference; lastKnownFileType = folder.assetcatalog; path = Assets.xcassets; sourceTree = "<group>"; };
		CBBC58E21F780D3A00EE0AE8 /* Base */ = {isa = PBXFileReference; lastKnownFileType = file.storyboard; name = Base; path = Base.lproj/LaunchScreen.storyboard; sourceTree = "<group>"; };
		CBBC58E41F780D3A00EE0AE8 /* Info.plist */ = {isa = PBXFileReference; lastKnownFileType = text.plist.xml; path = Info.plist; sourceTree = "<group>"; };
/* End PBXFileReference section */

/* Begin PBXFrameworksBuildPhase section */
		CBBC58D21F780D3900EE0AE8 /* Frameworks */ = {
			isa = PBXFrameworksBuildPhase;
			buildActionMask = 2147483647;
			files = (
			);
			runOnlyForDeploymentPostprocessing = 0;
		};
/* End PBXFrameworksBuildPhase section */

/* Begin PBXGroup section */
		CBBC58CC1F780D3900EE0AE8 = {
			isa = PBXGroup;
			children = (
				CBBC58D71F780D3A00EE0AE8 /* gitTemp */,
				CBBC58D61F780D3A00EE0AE8 /* Products */,
			);
			sourceTree = "<group>";
		};
		CBBC58D61F780D3A00EE0AE8 /* Products */ = {
			isa = PBXGroup;
			children = (
				CBBC58D51F780D3A00EE0AE8 /* gitTemp.app */,
			);
			name = Products;
			sourceTree = "<group>";
		};
		CBBC58D71F780D3A00EE0AE8 /* gitTemp */ = {
			isa = PBXGroup;
			children = (
				CBBC58D81F780D3A00EE0AE8 /* AppDelegate.swift */,
				CBBC58DA1F780D3A00EE0AE8 /* ViewController.swift */,
				CBBC58DC1F780D3A00EE0AE8 /* Main.storyboard */,
				CBBC58DF1F780D3A00EE0AE8 /* Assets.xcassets */,
				CBBC58E11F780D3A00EE0AE8 /* LaunchScreen.storyboard */,
				CBBC58E41F780D3A00EE0AE8 /* Info.plist */,
			);
			path = gitTemp;
			sourceTree = "<group>";
		};
/* End PBXGroup section */

/* Begin PBXNativeTarget section */
		CBBC58D41F780D3900EE0AE8 /* gitTemp */ = {
			isa = PBXNativeTarget;
			buildConfigurationList = CBBC58E71F780D3A00EE0AE8 /* Build configuration list for PBXNativeTarget "gitTemp" */;
			buildPhases = (
				CBBC58D11F780D3900EE0AE8 /* Sources */,
				CBBC58D21F780D3900EE0AE8 /* Frameworks */,
				CBBC58D31F780D3900EE0AE8 /* Resources */,
			);
			buildRules = (
			);
			dependencies = (
			);
			name = gitTemp;
			productName = gitTemp;
			productReference = CBBC58D51F780D3A00EE0AE8 /* gitTemp.app */;
			productType = "com.apple.product-type.application";
		};
/* End PBXNativeTarget section */

/* Begin PBXProject section */
		CBBC58CD1F780D3900EE0AE8 /* Project object */ = {
			isa = PBXProject;
			attributes = {
				LastSwiftUpdateCheck = 0820;
				LastUpgradeCheck = 0820;
				ORGANIZATIONNAME = "Nick Barton";
				TargetAttributes = {
					CBBC58D41F780D3900EE0AE8 = {
						CreatedOnToolsVersion = 8.2.1;
						ProvisioningStyle = Automatic;
					};
				};
			};
			buildConfigurationList = CBBC58D01F780D3900EE0AE8 /* Build configuration list for PBXProject "gitTemp" */;
			compatibilityVersion = "Xcode 3.2";
			developmentRegion = English;
			hasScannedForEncodings = 0;
			knownRegions = (
				en,
				Base,
			);
			mainGroup = CBBC58CC1F780D3900EE0AE8;
			productRefGroup = CBBC58D61F780D3A00EE0AE8 /* Products */;
			projectDirPath = "";
			projectRoot = "";
			targets = (
				CBBC58D41F780D3900EE0AE8 /* gitTemp */,
			);
		};
/* End PBXProject section */

/* Begin PBXResourcesBuildPhase section */
		CBBC58D31F780D3900EE0AE8 /* Resources */ = {
			isa = PBXResourcesBuildPhase;
			buildActionMask = 2147483647;
			files = (
				CBBC58E31F780D3A00EE0AE8 /* LaunchScreen.storyboard in Resources */,
				CBBC58E01F780D3A00EE0AE8 /* Assets.xcassets in Resources */,
				CBBC58DE1F780D3A00EE0AE8 /* Main.storyboard in Resources */,
			);
			runOnlyForDeploymentPostprocessing = 0;
		};
/* End PBXResourcesBuildPhase section */

/* Begin PBXSourcesBuildPhase section */
		CBBC58D11F780D3900EE0AE8 /* Sources */ = {
			isa = PBXSourcesBuildPhase;
			buildActionMask = 2147483647;
			files = (
				CBBC58DB1F780D3A00EE0AE8 /* ViewController.swift in Sources */,
				CBBC58D91F780D3A00EE0AE8 /* AppDelegate.swift in Sources */,
			);
			runOnlyForDeploymentPostprocessing = 0;
		};
/* End PBXSourcesBuildPhase section */

/* Begin PBXVariantGroup section */
		CBBC58DC1F780D3A00EE0AE8 /* Main.storyboard */ = {
			isa = PBXVariantGroup;
			children = (
				CBBC58DD1F780D3A00EE0AE8 /* Base */,
			);
			name = Main.storyboard;
			sourceTree = "<group>";
		};
		CBBC58E11F780D3A00EE0AE8 /* LaunchScreen.storyboard */ = {
			isa = PBXVariantGroup;
			children = (
				CBBC58E21F780D3A00EE0AE8 /* Base */,
			);
			name = LaunchScreen.storyboard;
			sourceTree = "<group>";
		};
/* End PBXVariantGroup section */

/* Begin XCBuildConfiguration section */
		CBBC58E51F780D3A00EE0AE8 /* Debug */ = {
			isa = XCBuildConfiguration;
			buildSettings = {
				ALWAYS_SEARCH_USER_PATHS = NO;
				CLANG_ANALYZER_NONNULL = YES;
				CLANG_CXX_LANGUAGE_STANDARD = "gnu++0x";
				CLANG_CXX_LIBRARY = "libc++";
				CLANG_ENABLE_MODULES = YES;
				CLANG_ENABLE_OBJC_ARC = YES;
				CLANG_WARN_BOOL_CONVERSION = YES;
				CLANG_WARN_CONSTANT_CONVERSION = YES;
				CLANG_WARN_DIRECT_OBJC_ISA_USAGE = YES_ERROR;
				CLANG_WARN_DOCUMENTATION_COMMENTS = YES;
				CLANG_WARN_EMPTY_BODY = YES;
				CLANG_WARN_ENUM_CONVERSION = YES;
				CLANG_WARN_INFINITE_RECURSION = YES;
				CLANG_WARN_INT_CONVERSION = YES;
				CLANG_WARN_OBJC_ROOT_CLASS = YES_ERROR;
				CLANG_WARN_SUSPICIOUS_MOVE = YES;
				CLANG_WARN_UNREACHABLE_CODE = YES;
				CLANG_WARN__DUPLICATE_METHOD_MATCH = YES;
				"CODE_SIGN_IDENTITY[sdk=iphoneos*]" = "iPhone Developer";
				COPY_PHASE_STRIP = NO;
				DEBUG_INFORMATION_FORMAT = dwarf;
				ENABLE_STRICT_OBJC_MSGSEND = YES;
				ENABLE_TESTABILITY = YES;
				GCC_C_LANGUAGE_STANDARD = gnu99;
				GCC_DYNAMIC_NO_PIC = NO;
				GCC_NO_COMMON_BLOCKS = YES;
				GCC_OPTIMIZATION_LEVEL = 0;
				GCC_PREPROCESSOR_DEFINITIONS = (
					"DEBUG=1",
					"$(inherited)",
				);
				GCC_WARN_64_TO_32_BIT_CONVERSION = YES;
				GCC_WARN_ABOUT_RETURN_TYPE = YES_ERROR;
				GCC_WARN_UNDECLARED_SELECTOR = YES;
				GCC_WARN_UNINITIALIZED_AUTOS = YES_AGGRESSIVE;
				GCC_WARN_UNUSED_FUNCTION = YES;
				GCC_WARN_UNUSED_VARIABLE = YES;
				IPHONEOS_DEPLOYMENT_TARGET = 10.2;
				MTL_ENABLE_DEBUG_INFO = YES;
				ONLY_ACTIVE_ARCH = YES;
				SDKROOT = iphoneos;
				SWIFT_ACTIVE_COMPILATION_CONDITIONS = DEBUG;
				SWIFT_OPTIMIZATION_LEVEL = "-Onone";
			};
			name = Debug;
		};
		CBBC58E61F780D3A00EE0AE8 /* Release */ = {
			isa = XCBuildConfiguration;
			buildSettings = {
				ALWAYS_SEARCH_USER_PATHS = NO;
				CLANG_ANALYZER_NONNULL = YES;
				CLANG_CXX_LANGUAGE_STANDARD = "gnu++0x";
				CLANG_CXX_LIBRARY = "libc++";
				CLANG_ENABLE_MODULES = YES;
				CLANG_ENABLE_OBJC_ARC = YES;
				CLANG_WARN_BOOL_CONVERSION = YES;
				CLANG_WARN_CONSTANT_CONVERSION = YES;
				CLANG_WARN_DIRECT_OBJC_ISA_USAGE = YES_ERROR;
				CLANG_WARN_DOCUMENTATION_COMMENTS = YES;
				CLANG_WARN_EMPTY_BODY = YES;
				CLANG_WARN_ENUM_CONVERSION = YES;
				CLANG_WARN_INFINITE_RECURSION = YES;
				CLANG_WARN_INT_CONVERSION = YES;
				CLANG_WARN_OBJC_ROOT_CLASS = YES_ERROR;
				CLANG_WARN_SUSPICIOUS_MOVE = YES;
				CLANG_WARN_UNREACHABLE_CODE = YES;
				CLANG_WARN__DUPLICATE_METHOD_MATCH = YES;
				"CODE_SIGN_IDENTITY[sdk=iphoneos*]" = "iPhone Developer";
				COPY_PHASE_STRIP = NO;
				DEBUG_INFORMATION_FORMAT = "dwarf-with-dsym";
				ENABLE_NS_ASSERTIONS = NO;
				ENABLE_STRICT_OBJC_MSGSEND = YES;
				GCC_C_LANGUAGE_STANDARD = gnu99;
				GCC_NO_COMMON_BLOCKS = YES;
				GCC_WARN_64_TO_32_BIT_CONVERSION = YES;
				GCC_WARN_ABOUT_RETURN_TYPE = YES_ERROR;
				GCC_WARN_UNDECLARED_SELECTOR = YES;
				GCC_WARN_UNINITIALIZED_AUTOS = YES_AGGRESSIVE;
				GCC_WARN_UNUSED_FUNCTION = YES;
				GCC_WARN_UNUSED_VARIABLE = YES;
				IPHONEOS_DEPLOYMENT_TARGET = 10.2;
				MTL_ENABLE_DEBUG_INFO = NO;
				SDKROOT = iphoneos;
				SWIFT_OPTIMIZATION_LEVEL = "-Owholemodule";
				VALIDATE_PRODUCT = YES;
			};
			name = Release;
		};
		CBBC58E81F780D3A00EE0AE8 /* Debug */ = {
			isa = XCBuildConfiguration;
			buildSettings = {
				ASSETCATALOG_COMPILER_APPICON_NAME = AppIcon;
				INFOPLIST_FILE = gitTemp/Info.plist;
				LD_RUNPATH_SEARCH_PATHS = "$(inherited) @executable_path/Frameworks";
				PRODUCT_BUNDLE_IDENTIFIER = com.npb.gitTemp;
				PRODUCT_NAME = "$(TARGET_NAME)";
				SWIFT_VERSION = 3.0;
			};
			name = Debug;
		};
		CBBC58E91F780D3A00EE0AE8 /* Release */ = {
			isa = XCBuildConfiguration;
			buildSettings = {
				ASSETCATALOG_COMPILER_APPICON_NAME = AppIcon;
				INFOPLIST_FILE = gitTemp/Info.plist;
				LD_RUNPATH_SEARCH_PATHS = "$(inherited) @executable_path/Frameworks";
				PRODUCT_BUNDLE_IDENTIFIER = com.npb.gitTemp;
				PRODUCT_NAME = "$(TARGET_NAME)";
				SWIFT_VERSION = 3.0;
			};
			name = Release;
		};
/* End XCBuildConfiguration section */

/* Begin XCConfigurationList section */
		CBBC58D01F780D3900EE0AE8 /* Build configuration list for PBXProject "gitTemp" */ = {
			isa = XCConfigurationList;
			buildConfigurations = (
				CBBC58E51F780D3A00EE0AE8 /* Debug */,
				CBBC58E61F780D3A00EE0AE8 /* Release */,
			);
			defaultConfigurationIsVisible = 0;
			defaultConfigurationName = Release;
		};
		CBBC58E71F780D3A00EE0AE8 /* Build configuration list for PBXNativeTarget "gitTemp" */ = {
			isa = XCConfigurationList;
			buildConfigurations = (
				CBBC58E81F780D3A00EE0AE8 /* Debug */,
				CBBC58E91F780D3A00EE0AE8 /* Release */,
			);
			defaultConfigurationIsVisible = 0;
		};
/* End XCConfigurationList section */
	};
	rootObject = CBBC58CD1F780D3900EE0AE8 /* Project object */;
}
